
Microsoft Visual Studio Solution File, Format Version 12.00
# Visual Studio Version 17
VisualStudioVersion = 17.14.36623.8 d17.14
MinimumVisualStudioVersion = 10.0.40219.1
Project("{FAE04EC0-301F-11D3-BF4B-00C04F79EFBC}") = "Prelab_03_152120231167_152120241075_Group5", "Prelab_03_152120231167_152120241075_Group5.csproj", "{4249D466-923C-48B1-83B8-33D5ECC4128E}"
EndProject
Global
	GlobalSection(SolutionConfigurationPlatforms) = preSolution
		Debug|Any CPU = Debug|Any CPU
		Release|Any CPU = Release|Any CPU
	EndGlobalSection
	GlobalSection(ProjectConfigurationPlatforms) = postSolution
		{4249D466-923C-48B1-83B8-33D5ECC4128E}.Debug|Any CPU.ActiveCfg = Debug|Any CPU
		{4249D466-923C-48B1-83B8-33D5ECC4128E}.Debug|Any CPU.Build.0 = Debug|Any CPU
		{4249D466-923C-48B1-83B8-33D5ECC4128E}.Release|Any CPU.ActiveCfg = Release|Any CPU
		{4249D466-923C-48B1-83B8-33D5ECC4128E}.Release|Any CPU.Build.0 = Release|Any CPU
	EndGlobalSection
	GlobalSection(SolutionProperties) = preSolution
		HideSolutionNode = FALSE
	EndGlobalSection
	GlobalSection(ExtensibilityGlobals) = postSolution
		SolutionGuid = {136E98BD-6E51-42F7-B618-B7426790FA75}
	EndGlobalSection
EndGlobal
